
Microsoft Visual Studio Solution File, Format Version 12.00
# Visual Studio Version 17
VisualStudioVersion = 17.0.31903.59
MinimumVisualStudioVersion = 10.0.40219.1
Project("{9A19103F-16F7-4668-BE54-9A1E7A4F7556}") = "Client", "Client\Client.csproj", "{F4B1375B-C892-424D-9CB2-9FE2B5B47EDF}"
EndProject
Project("{9A19103F-16F7-4668-BE54-9A1E7A4F7556}") = "Api", "Api\Api.csproj", "{491BFBAF-7032-4ED7-BF3A-33595531E18A}"
EndProject
Project("{9A19103F-16F7-4668-BE54-9A1E7A4F7556}") = "Shared", "Shared\Shared.csproj", "{BB847D3D-A8AA-41F3-B264-FD1F2B11FB09}"
EndProject
Global
	GlobalSection(SolutionConfigurationPlatforms) = preSolution
		Debug|Any CPU = Debug|Any CPU
		Release|Any CPU = Release|Any CPU
	EndGlobalSection
	GlobalSection(ProjectConfigurationPlatforms) = postSolution
		{F4B1375B-C892-424D-9CB2-9FE2B5B47EDF}.Debug|Any CPU.ActiveCfg = Debug|Any CPU
		{F4B1375B-C892-424D-9CB2-9FE2B5B47EDF}.Debug|Any CPU.Build.0 = Debug|Any CPU
		{F4B1375B-C892-424D-9CB2-9FE2B5B47EDF}.Release|Any CPU.ActiveCfg = Release|Any CPU
		{F4B1375B-C892-424D-9CB2-9FE2B5B47EDF}.Release|Any CPU.Build.0 = Release|Any CPU
		{491BFBAF-7032-4ED7-BF3A-33595531E18A}.Debug|Any CPU.ActiveCfg = Debug|Any CPU
		{491BFBAF-7032-4ED7-BF3A-33595531E18A}.Debug|Any CPU.Build.0 = Debug|Any CPU
		{491BFBAF-7032-4ED7-BF3A-33595531E18A}.Release|Any CPU.ActiveCfg = Release|Any CPU
		{491BFBAF-7032-4ED7-BF3A-33595531E18A}.Release|Any CPU.Build.0 = Release|Any CPU
		{BB847D3D-A8AA-41F3-B264-FD1F2B11FB09}.Debug|Any CPU.ActiveCfg = Debug|Any CPU
		{BB847D3D-A8AA-41F3-B264-FD1F2B11FB09}.Debug|Any CPU.Build.0 = Debug|Any CPU
		{BB847D3D-A8AA-41F3-B264-FD1F2B11FB09}.Release|Any CPU.ActiveCfg = Release|Any CPU
		{BB847D3D-A8AA-41F3-B264-FD1F2B11FB09}.Release|Any CPU.Build.0 = Release|Any CPU
	EndGlobalSection
	GlobalSection(SolutionProperties) = preSolution
		HideSolutionNode = FALSE
	EndGlobalSection
	GlobalSection(ExtensibilityGlobals) = postSolution
		SolutionGuid = {1B35B154-9584-41AA-9838-D8BDCA240743}
	EndGlobalSection
EndGlobal
