
Microsoft Visual Studio Solution File, Format Version 12.00
# Visual Studio Version 17
VisualStudioVersion = 17.3.32929.385
MinimumVisualStudioVersion = 10.0.40219.1
Project("{9A19103F-16F7-4668-BE54-9A1E7A4F7556}") = "Api", "Api\Api.csproj", "{D887BF95-D2D6-419F-83E2-DFFF579CDDB2}"
EndProject
Project("{9A19103F-16F7-4668-BE54-9A1E7A4F7556}") = "BooKeeper", "Client\BooKeeper.csproj", "{73260275-F961-4A4E-92FF-9C8514603871}"
EndProject
Global
	GlobalSection(SolutionConfigurationPlatforms) = preSolution
		Debug|Any CPU = Debug|Any CPU
		Release|Any CPU = Release|Any CPU
	EndGlobalSection
	GlobalSection(ProjectConfigurationPlatforms) = postSolution
		{D887BF95-D2D6-419F-83E2-DFFF579CDDB2}.Debug|Any CPU.ActiveCfg = Debug|Any CPU
		{D887BF95-D2D6-419F-83E2-DFFF579CDDB2}.Debug|Any CPU.Build.0 = Debug|Any CPU
		{D887BF95-D2D6-419F-83E2-DFFF579CDDB2}.Release|Any CPU.ActiveCfg = Release|Any CPU
		{D887BF95-D2D6-419F-83E2-DFFF579CDDB2}.Release|Any CPU.Build.0 = Release|Any CPU
		{73260275-F961-4A4E-92FF-9C8514603871}.Debug|Any CPU.ActiveCfg = Debug|Any CPU
		{73260275-F961-4A4E-92FF-9C8514603871}.Debug|Any CPU.Build.0 = Debug|Any CPU
		{73260275-F961-4A4E-92FF-9C8514603871}.Release|Any CPU.ActiveCfg = Release|Any CPU
		{73260275-F961-4A4E-92FF-9C8514603871}.Release|Any CPU.Build.0 = Release|Any CPU
	EndGlobalSection
	GlobalSection(SolutionProperties) = preSolution
		HideSolutionNode = FALSE
	EndGlobalSection
	GlobalSection(ExtensibilityGlobals) = postSolution
		SolutionGuid = {84E64B08-2F08-453A-80C8-A6490AFEC459}
	EndGlobalSection
EndGlobal
